// !$*UTF8*$!
{
	archiveVersion = 1;
	classes = {
	};
	objectVersion = 55;
	objects = {

/* Begin PBXBuildFile section */
		256C750528636BB5005633C5 /* AppDelegate.swift in Sources */ = {isa = PBXBuildFile; fileRef = 256C750428636BB5005633C5 /* AppDelegate.swift */; };
		256C750728636BB5005633C5 /* SceneDelegate.swift in Sources */ = {isa = PBXBuildFile; fileRef = 256C750628636BB5005633C5 /* SceneDelegate.swift */; };
		256C750928636BB5005633C5 /* MainViewController.swift in Sources */ = {isa = PBXBuildFile; fileRef = 256C750828636BB5005633C5 /* MainViewController.swift */; };
		256C750C28636BB5005633C5 /* Main.storyboard in Resources */ = {isa = PBXBuildFile; fileRef = 256C750A28636BB5005633C5 /* Main.storyboard */; };
		256C750E28636BB6005633C5 /* Assets.xcassets in Resources */ = {isa = PBXBuildFile; fileRef = 256C750D28636BB6005633C5 /* Assets.xcassets */; };
		256C751128636BB6005633C5 /* LaunchScreen.storyboard in Resources */ = {isa = PBXBuildFile; fileRef = 256C750F28636BB6005633C5 /* LaunchScreen.storyboard */; };
		256C751E28636C1B005633C5 /* Emoji.swift in Sources */ = {isa = PBXBuildFile; fileRef = 256C751D28636C1B005633C5 /* Emoji.swift */; };
		256C75202863700C005633C5 /* ListEmojiViewController.swift in Sources */ = {isa = PBXBuildFile; fileRef = 256C751F2863700C005633C5 /* ListEmojiViewController.swift */; };
		256C752228637021005633C5 /* DetailsEmojiViewController.swift in Sources */ = {isa = PBXBuildFile; fileRef = 256C752128637021005633C5 /* DetailsEmojiViewController.swift */; };
		25DC976F2863721A000B945D /* EmojiCell.swift in Sources */ = {isa = PBXBuildFile; fileRef = 25DC976E2863721A000B945D /* EmojiCell.swift */; };
		25DC97762863BAC9000B945D /* RandonEmojiViewController.swift in Sources */ = {isa = PBXBuildFile; fileRef = 25DC97752863BAC9000B945D /* RandonEmojiViewController.swift */; };
		25DC9778286487BA000B945D /* Constants.swift in Sources */ = {isa = PBXBuildFile; fileRef = 25DC9777286487BA000B945D /* Constants.swift */; };
		25DC977B2864C130000B945D /* NetworkEmojiManager.swift in Sources */ = {isa = PBXBuildFile; fileRef = 25DC977A2864C130000B945D /* NetworkEmojiManager.swift */; };
/* End PBXBuildFile section */

/* Begin PBXFileReference section */
		256C750128636BB5005633C5 /* FindYourEmoji.app */ = {isa = PBXFileReference; explicitFileType = wrapper.application; includeInIndex = 0; path = FindYourEmoji.app; sourceTree = BUILT_PRODUCTS_DIR; };
		256C750428636BB5005633C5 /* AppDelegate.swift */ = {isa = PBXFileReference; lastKnownFileType = sourcecode.swift; path = AppDelegate.swift; sourceTree = "<group>"; };
		256C750628636BB5005633C5 /* SceneDelegate.swift */ = {isa = PBXFileReference; lastKnownFileType = sourcecode.swift; path = SceneDelegate.swift; sourceTree = "<group>"; };
		256C750828636BB5005633C5 /* MainViewController.swift */ = {isa = PBXFileReference; lastKnownFileType = sourcecode.swift; path = MainViewController.swift; sourceTree = "<group>"; };
		256C750B28636BB5005633C5 /* Base */ = {isa = PBXFileReference; lastKnownFileType = file.storyboard; name = Base; path = Base.lproj/Main.storyboard; sourceTree = "<group>"; };
		256C750D28636BB6005633C5 /* Assets.xcassets */ = {isa = PBXFileReference; lastKnownFileType = folder.assetcatalog; path = Assets.xcassets; sourceTree = "<group>"; };
		256C751028636BB6005633C5 /* Base */ = {isa = PBXFileReference; lastKnownFileType = file.storyboard; name = Base; path = Base.lproj/LaunchScreen.storyboard; sourceTree = "<group>"; };
		256C751228636BB6005633C5 /* Info.plist */ = {isa = PBXFileReference; lastKnownFileType = text.plist.xml; path = Info.plist; sourceTree = "<group>"; };
		256C751D28636C1B005633C5 /* Emoji.swift */ = {isa = PBXFileReference; lastKnownFileType = sourcecode.swift; path = Emoji.swift; sourceTree = "<group>"; };
		256C751F2863700C005633C5 /* ListEmojiViewController.swift */ = {isa = PBXFileReference; lastKnownFileType = sourcecode.swift; path = ListEmojiViewController.swift; sourceTree = "<group>"; };
		256C752128637021005633C5 /* DetailsEmojiViewController.swift */ = {isa = PBXFileReference; lastKnownFileType = sourcecode.swift; path = DetailsEmojiViewController.swift; sourceTree = "<group>"; };
		25DC976E2863721A000B945D /* EmojiCell.swift */ = {isa = PBXFileReference; lastKnownFileType = sourcecode.swift; path = EmojiCell.swift; sourceTree = "<group>"; };
		25DC97752863BAC9000B945D /* RandonEmojiViewController.swift */ = {isa = PBXFileReference; lastKnownFileType = sourcecode.swift; path = RandonEmojiViewController.swift; sourceTree = "<group>"; };
		25DC9777286487BA000B945D /* Constants.swift */ = {isa = PBXFileReference; lastKnownFileType = sourcecode.swift; path = Constants.swift; sourceTree = "<group>"; };
		25DC977A2864C130000B945D /* NetworkEmojiManager.swift */ = {isa = PBXFileReference; lastKnownFileType = sourcecode.swift; path = NetworkEmojiManager.swift; sourceTree = "<group>"; };
/* End PBXFileReference section */

/* Begin PBXFrameworksBuildPhase section */
		256C74FE28636BB5005633C5 /* Frameworks */ = {
			isa = PBXFrameworksBuildPhase;
			buildActionMask = 2147483647;
			files = (
			);
			runOnlyForDeploymentPostprocessing = 0;
		};
/* End PBXFrameworksBuildPhase section */

/* Begin PBXGroup section */
		256C74F828636BB5005633C5 = {
			isa = PBXGroup;
			children = (
				256C750328636BB5005633C5 /* FindYourEmoji */,
				256C750228636BB5005633C5 /* Products */,
			);
			sourceTree = "<group>";
		};
		256C750228636BB5005633C5 /* Products */ = {
			isa = PBXGroup;
			children = (
				256C750128636BB5005633C5 /* FindYourEmoji.app */,
			);
			name = Products;
			sourceTree = "<group>";
		};
		256C750328636BB5005633C5 /* FindYourEmoji */ = {
			isa = PBXGroup;
			children = (
				256C751C28636C00005633C5 /* Models */,
				25DC977F2864DB0D000B945D /* Views */,
				256C751B28636BF4005633C5 /* ViewControllers */,
				25DC97792864C0FD000B945D /* Networking */,
				256C751928636BDF005633C5 /* Storyboards */,
				256C751A28636BEB005633C5 /* Resourses */,
				256C751828636BD6005633C5 /* App */,
			);
			path = FindYourEmoji;
			sourceTree = "<group>";
		};
		256C751828636BD6005633C5 /* App */ = {
			isa = PBXGroup;
			children = (
				256C750428636BB5005633C5 /* AppDelegate.swift */,
				256C750628636BB5005633C5 /* SceneDelegate.swift */,
				256C751228636BB6005633C5 /* Info.plist */,
				25DC9777286487BA000B945D /* Constants.swift */,
			);
			path = App;
			sourceTree = "<group>";
		};
		256C751928636BDF005633C5 /* Storyboards */ = {
			isa = PBXGroup;
			children = (
				256C750A28636BB5005633C5 /* Main.storyboard */,
				256C750F28636BB6005633C5 /* LaunchScreen.storyboard */,
			);
			path = Storyboards;
			sourceTree = "<group>";
		};
		256C751A28636BEB005633C5 /* Resourses */ = {
			isa = PBXGroup;
			children = (
				256C750D28636BB6005633C5 /* Assets.xcassets */,
			);
			path = Resourses;
			sourceTree = "<group>";
		};
		256C751B28636BF4005633C5 /* ViewControllers */ = {
			isa = PBXGroup;
			children = (
				256C750828636BB5005633C5 /* MainViewController.swift */,
				256C751F2863700C005633C5 /* ListEmojiViewController.swift */,
				256C752128637021005633C5 /* DetailsEmojiViewController.swift */,
				25DC97752863BAC9000B945D /* RandonEmojiViewController.swift */,
			);
			path = ViewControllers;
			sourceTree = "<group>";
		};
		256C751C28636C00005633C5 /* Models */ = {
			isa = PBXGroup;
			children = (
				256C751D28636C1B005633C5 /* Emoji.swift */,
			);
			path = Models;
			sourceTree = "<group>";
		};
		25DC97792864C0FD000B945D /* Networking */ = {
			isa = PBXGroup;
			children = (
				25DC977A2864C130000B945D /* NetworkEmojiManager.swift */,
			);
			path = Networking;
			sourceTree = "<group>";
		};
		25DC977F2864DB0D000B945D /* Views */ = {
			isa = PBXGroup;
			children = (
				25DC976E2863721A000B945D /* EmojiCell.swift */,
			);
			path = Views;
			sourceTree = "<group>";
		};
/* End PBXGroup section */

/* Begin PBXNativeTarget section */
		256C750028636BB5005633C5 /* FindYourEmoji */ = {
			isa = PBXNativeTarget;
			buildConfigurationList = 256C751528636BB6005633C5 /* Build configuration list for PBXNativeTarget "FindYourEmoji" */;
			buildPhases = (
				256C74FD28636BB5005633C5 /* Sources */,
				256C74FE28636BB5005633C5 /* Frameworks */,
				256C74FF28636BB5005633C5 /* Resources */,
			);
			buildRules = (
			);
			dependencies = (
			);
			name = FindYourEmoji;
			productName = FindYourEmoji;
			productReference = 256C750128636BB5005633C5 /* FindYourEmoji.app */;
			productType = "com.apple.product-type.application";
		};
/* End PBXNativeTarget section */

/* Begin PBXProject section */
		256C74F928636BB5005633C5 /* Project object */ = {
			isa = PBXProject;
			attributes = {
				BuildIndependentTargetsInParallel = 1;
				LastSwiftUpdateCheck = 1340;
				LastUpgradeCheck = 1340;
				TargetAttributes = {
					256C750028636BB5005633C5 = {
						CreatedOnToolsVersion = 13.4.1;
					};
				};
			};
			buildConfigurationList = 256C74FC28636BB5005633C5 /* Build configuration list for PBXProject "FindYourEmoji" */;
			compatibilityVersion = "Xcode 13.0";
			developmentRegion = en;
			hasScannedForEncodings = 0;
			knownRegions = (
				en,
				Base,
			);
			mainGroup = 256C74F828636BB5005633C5;
			productRefGroup = 256C750228636BB5005633C5 /* Products */;
			projectDirPath = "";
			projectRoot = "";
			targets = (
				256C750028636BB5005633C5 /* FindYourEmoji */,
			);
		};
/* End PBXProject section */

/* Begin PBXResourcesBuildPhase section */
		256C74FF28636BB5005633C5 /* Resources */ = {
			isa = PBXResourcesBuildPhase;
			buildActionMask = 2147483647;
			files = (
				256C751128636BB6005633C5 /* LaunchScreen.storyboard in Resources */,
				256C750E28636BB6005633C5 /* Assets.xcassets in Resources */,
				256C750C28636BB5005633C5 /* Main.storyboard in Resources */,
			);
			runOnlyForDeploymentPostprocessing = 0;
		};
/* End PBXResourcesBuildPhase section */

/* Begin PBXSourcesBuildPhase section */
		256C74FD28636BB5005633C5 /* Sources */ = {
			isa = PBXSourcesBuildPhase;
			buildActionMask = 2147483647;
			files = (
				256C752228637021005633C5 /* DetailsEmojiViewController.swift in Sources */,
				25DC976F2863721A000B945D /* EmojiCell.swift in Sources */,
				25DC977B2864C130000B945D /* NetworkEmojiManager.swift in Sources */,
				256C750928636BB5005633C5 /* MainViewController.swift in Sources */,
				256C75202863700C005633C5 /* ListEmojiViewController.swift in Sources */,
				256C750528636BB5005633C5 /* AppDelegate.swift in Sources */,
				256C751E28636C1B005633C5 /* Emoji.swift in Sources */,
				256C750728636BB5005633C5 /* SceneDelegate.swift in Sources */,
				25DC97762863BAC9000B945D /* RandonEmojiViewController.swift in Sources */,
				25DC9778286487BA000B945D /* Constants.swift in Sources */,
			);
			runOnlyForDeploymentPostprocessing = 0;
		};
/* End PBXSourcesBuildPhase section */

/* Begin PBXVariantGroup section */
		256C750A28636BB5005633C5 /* Main.storyboard */ = {
			isa = PBXVariantGroup;
			children = (
				256C750B28636BB5005633C5 /* Base */,
			);
			name = Main.storyboard;
			sourceTree = "<group>";
		};
		256C750F28636BB6005633C5 /* LaunchScreen.storyboard */ = {
			isa = PBXVariantGroup;
			children = (
				256C751028636BB6005633C5 /* Base */,
			);
			name = LaunchScreen.storyboard;
			sourceTree = "<group>";
		};
/* End PBXVariantGroup section */

/* Begin XCBuildConfiguration section */
		256C751328636BB6005633C5 /* Debug */ = {
			isa = XCBuildConfiguration;
			buildSettings = {
				ALWAYS_SEARCH_USER_PATHS = NO;
				CLANG_ANALYZER_NONNULL = YES;
				CLANG_ANALYZER_NUMBER_OBJECT_CONVERSION = YES_AGGRESSIVE;
				CLANG_CXX_LANGUAGE_STANDARD = "gnu++17";
				CLANG_ENABLE_MODULES = YES;
				CLANG_ENABLE_OBJC_ARC = YES;
				CLANG_ENABLE_OBJC_WEAK = YES;
				CLANG_WARN_BLOCK_CAPTURE_AUTORELEASING = YES;
				CLANG_WARN_BOOL_CONVERSION = YES;
				CLANG_WARN_COMMA = YES;
				CLANG_WARN_CONSTANT_CONVERSION = YES;
				CLANG_WARN_DEPRECATED_OBJC_IMPLEMENTATIONS = YES;
				CLANG_WARN_DIRECT_OBJC_ISA_USAGE = YES_ERROR;
				CLANG_WARN_DOCUMENTATION_COMMENTS = YES;
				CLANG_WARN_EMPTY_BODY = YES;
				CLANG_WARN_ENUM_CONVERSION = YES;
				CLANG_WARN_INFINITE_RECURSION = YES;
				CLANG_WARN_INT_CONVERSION = YES;
				CLANG_WARN_NON_LITERAL_NULL_CONVERSION = YES;
				CLANG_WARN_OBJC_IMPLICIT_RETAIN_SELF = YES;
				CLANG_WARN_OBJC_LITERAL_CONVERSION = YES;
				CLANG_WARN_OBJC_ROOT_CLASS = YES_ERROR;
				CLANG_WARN_QUOTED_INCLUDE_IN_FRAMEWORK_HEADER = YES;
				CLANG_WARN_RANGE_LOOP_ANALYSIS = YES;
				CLANG_WARN_STRICT_PROTOTYPES = YES;
				CLANG_WARN_SUSPICIOUS_MOVE = YES;
				CLANG_WARN_UNGUARDED_AVAILABILITY = YES_AGGRESSIVE;
				CLANG_WARN_UNREACHABLE_CODE = YES;
				CLANG_WARN__DUPLICATE_METHOD_MATCH = YES;
				COPY_PHASE_STRIP = NO;
				DEBUG_INFORMATION_FORMAT = dwarf;
				ENABLE_STRICT_OBJC_MSGSEND = YES;
				ENABLE_TESTABILITY = YES;
				GCC_C_LANGUAGE_STANDARD = gnu11;
				GCC_DYNAMIC_NO_PIC = NO;
				GCC_NO_COMMON_BLOCKS = YES;
				GCC_OPTIMIZATION_LEVEL = 0;
				GCC_PREPROCESSOR_DEFINITIONS = (
					"DEBUG=1",
					"$(inherited)",
				);
				GCC_WARN_64_TO_32_BIT_CONVERSION = YES;
				GCC_WARN_ABOUT_RETURN_TYPE = YES_ERROR;
				GCC_WARN_UNDECLARED_SELECTOR = YES;
				GCC_WARN_UNINITIALIZED_AUTOS = YES_AGGRESSIVE;
				GCC_WARN_UNUSED_FUNCTION = YES;
				GCC_WARN_UNUSED_VARIABLE = YES;
				IPHONEOS_DEPLOYMENT_TARGET = 15.5;
				MTL_ENABLE_DEBUG_INFO = INCLUDE_SOURCE;
				MTL_FAST_MATH = YES;
				ONLY_ACTIVE_ARCH = YES;
				SDKROOT = iphoneos;
				SWIFT_ACTIVE_COMPILATION_CONDITIONS = DEBUG;
				SWIFT_OPTIMIZATION_LEVEL = "-Onone";
			};
			name = Debug;
		};
		256C751428636BB6005633C5 /* Release */ = {
			isa = XCBuildConfiguration;
			buildSettings = {
				ALWAYS_SEARCH_USER_PATHS = NO;
				CLANG_ANALYZER_NONNULL = YES;
				CLANG_ANALYZER_NUMBER_OBJECT_CONVERSION = YES_AGGRESSIVE;
				CLANG_CXX_LANGUAGE_STANDARD = "gnu++17";
				CLANG_ENABLE_MODULES = YES;
				CLANG_ENABLE_OBJC_ARC = YES;
				CLANG_ENABLE_OBJC_WEAK = YES;
				CLANG_WARN_BLOCK_CAPTURE_AUTORELEASING = YES;
				CLANG_WARN_BOOL_CONVERSION = YES;
				CLANG_WARN_COMMA = YES;
				CLANG_WARN_CONSTANT_CONVERSION = YES;
				CLANG_WARN_DEPRECATED_OBJC_IMPLEMENTATIONS = YES;
				CLANG_WARN_DIRECT_OBJC_ISA_USAGE = YES_ERROR;
				CLANG_WARN_DOCUMENTATION_COMMENTS = YES;
				CLANG_WARN_EMPTY_BODY = YES;
				CLANG_WARN_ENUM_CONVERSION = YES;
				CLANG_WARN_INFINITE_RECURSION = YES;
				CLANG_WARN_INT_CONVERSION = YES;
				CLANG_WARN_NON_LITERAL_NULL_CONVERSION = YES;
				CLANG_WARN_OBJC_IMPLICIT_RETAIN_SELF = YES;
				CLANG_WARN_OBJC_LITERAL_CONVERSION = YES;
				CLANG_WARN_OBJC_ROOT_CLASS = YES_ERROR;
				CLANG_WARN_QUOTED_INCLUDE_IN_FRAMEWORK_HEADER = YES;
				CLANG_WARN_RANGE_LOOP_ANALYSIS = YES;
				CLANG_WARN_STRICT_PROTOTYPES = YES;
				CLANG_WARN_SUSPICIOUS_MOVE = YES;
				CLANG_WARN_UNGUARDED_AVAILABILITY = YES_AGGRESSIVE;
				CLANG_WARN_UNREACHABLE_CODE = YES;
				CLANG_WARN__DUPLICATE_METHOD_MATCH = YES;
				COPY_PHASE_STRIP = NO;
				DEBUG_INFORMATION_FORMAT = "dwarf-with-dsym";
				ENABLE_NS_ASSERTIONS = NO;
				ENABLE_STRICT_OBJC_MSGSEND = YES;
				GCC_C_LANGUAGE_STANDARD = gnu11;
				GCC_NO_COMMON_BLOCKS = YES;
				GCC_WARN_64_TO_32_BIT_CONVERSION = YES;
				GCC_WARN_ABOUT_RETURN_TYPE = YES_ERROR;
				GCC_WARN_UNDECLARED_SELECTOR = YES;
				GCC_WARN_UNINITIALIZED_AUTOS = YES_AGGRESSIVE;
				GCC_WARN_UNUSED_FUNCTION = YES;
				GCC_WARN_UNUSED_VARIABLE = YES;
				IPHONEOS_DEPLOYMENT_TARGET = 15.5;
				MTL_ENABLE_DEBUG_INFO = NO;
				MTL_FAST_MATH = YES;
				SDKROOT = iphoneos;
				SWIFT_COMPILATION_MODE = wholemodule;
				SWIFT_OPTIMIZATION_LEVEL = "-O";
				VALIDATE_PRODUCT = YES;
			};
			name = Release;
		};
		256C751628636BB6005633C5 /* Debug */ = {
			isa = XCBuildConfiguration;
			buildSettings = {
				ASSETCATALOG_COMPILER_APPICON_NAME = AppIcon;
				ASSETCATALOG_COMPILER_GLOBAL_ACCENT_COLOR_NAME = AccentColor;
				CODE_SIGN_STYLE = Automatic;
				CURRENT_PROJECT_VERSION = 1;
				DEVELOPMENT_TEAM = DWMGJ928Y5;
				GENERATE_INFOPLIST_FILE = YES;
				INFOPLIST_FILE = FindYourEmoji/App/Info.plist;
				INFOPLIST_KEY_UIApplicationSupportsIndirectInputEvents = YES;
				INFOPLIST_KEY_UILaunchStoryboardName = LaunchScreen;
				INFOPLIST_KEY_UIMainStoryboardFile = Main;
				INFOPLIST_KEY_UISupportedInterfaceOrientations_iPad = "UIInterfaceOrientationPortrait UIInterfaceOrientationPortraitUpsideDown UIInterfaceOrientationLandscapeLeft UIInterfaceOrientationLandscapeRight";
				INFOPLIST_KEY_UISupportedInterfaceOrientations_iPhone = "UIInterfaceOrientationPortrait UIInterfaceOrientationLandscapeLeft UIInterfaceOrientationLandscapeRight";
				LD_RUNPATH_SEARCH_PATHS = (
					"$(inherited)",
					"@executable_path/Frameworks",
				);
				MARKETING_VERSION = 1.0;
				PRODUCT_BUNDLE_IDENTIFIER = JR.FindYourEmoji;
				PRODUCT_NAME = "$(TARGET_NAME)";
				SWIFT_EMIT_LOC_STRINGS = YES;
				SWIFT_VERSION = 5.0;
				TARGETED_DEVICE_FAMILY = "1,2";
			};
			name = Debug;
		};
		256C751728636BB6005633C5 /* Release */ = {
			isa = XCBuildConfiguration;
			buildSettings = {
				ASSETCATALOG_COMPILER_APPICON_NAME = AppIcon;
				ASSETCATALOG_COMPILER_GLOBAL_ACCENT_COLOR_NAME = AccentColor;
				CODE_SIGN_STYLE = Automatic;
				CURRENT_PROJECT_VERSION = 1;
				DEVELOPMENT_TEAM = DWMGJ928Y5;
				GENERATE_INFOPLIST_FILE = YES;
				INFOPLIST_FILE = FindYourEmoji/App/Info.plist;
				INFOPLIST_KEY_UIApplicationSupportsIndirectInputEvents = YES;
				INFOPLIST_KEY_UILaunchStoryboardName = LaunchScreen;
				INFOPLIST_KEY_UIMainStoryboardFile = Main;
				INFOPLIST_KEY_UISupportedInterfaceOrientations_iPad = "UIInterfaceOrientationPortrait UIInterfaceOrientationPortraitUpsideDown UIInterfaceOrientationLandscapeLeft UIInterfaceOrientationLandscapeRight";
				INFOPLIST_KEY_UISupportedInterfaceOrientations_iPhone = "UIInterfaceOrientationPortrait UIInterfaceOrientationLandscapeLeft UIInterfaceOrientationLandscapeRight";
				LD_RUNPATH_SEARCH_PATHS = (
					"$(inherited)",
					"@executable_path/Frameworks",
				);
				MARKETING_VERSION = 1.0;
				PRODUCT_BUNDLE_IDENTIFIER = JR.FindYourEmoji;
				PRODUCT_NAME = "$(TARGET_NAME)";
				SWIFT_EMIT_LOC_STRINGS = YES;
				SWIFT_VERSION = 5.0;
				TARGETED_DEVICE_FAMILY = "1,2";
			};
			name = Release;
		};
/* End XCBuildConfiguration section */

/* Begin XCConfigurationList section */
		256C74FC28636BB5005633C5 /* Build configuration list for PBXProject "FindYourEmoji" */ = {
			isa = XCConfigurationList;
			buildConfigurations = (
				256C751328636BB6005633C5 /* Debug */,
				256C751428636BB6005633C5 /* Release */,
			);
			defaultConfigurationIsVisible = 0;
			defaultConfigurationName = Release;
		};
		256C751528636BB6005633C5 /* Build configuration list for PBXNativeTarget "FindYourEmoji" */ = {
			isa = XCConfigurationList;
			buildConfigurations = (
				256C751628636BB6005633C5 /* Debug */,
				256C751728636BB6005633C5 /* Release */,
			);
			defaultConfigurationIsVisible = 0;
			defaultConfigurationName = Release;
		};
/* End XCConfigurationList section */
	};
	rootObject = 256C74F928636BB5005633C5 /* Project object */;
}
